
Microsoft Visual Studio Solution File, Format Version 12.00
# Visual Studio 14
VisualStudioVersion = 14.0.23107.0
MinimumVisualStudioVersion = 10.0.40219.1
Project("{FAE04EC0-301F-11D3-BF4B-00C04F79EFBC}") = "Skillz2017", "Skillz2017\Skillz2017.csproj", "{AD02D2FC-9D33-48BB-B210-FF45555184A5}"
EndProject
Global
	GlobalSection(SolutionConfigurationPlatforms) = preSolution
		Debug|Any CPU = Debug|Any CPU
		Release|Any CPU = Release|Any CPU
	EndGlobalSection
	GlobalSection(ProjectConfigurationPlatforms) = postSolution
		{AD02D2FC-9D33-48BB-B210-FF45555184A5}.Debug|Any CPU.ActiveCfg = Debug|Any CPU
		{AD02D2FC-9D33-48BB-B210-FF45555184A5}.Debug|Any CPU.Build.0 = Debug|Any CPU
		{AD02D2FC-9D33-48BB-B210-FF45555184A5}.Release|Any CPU.ActiveCfg = Release|Any CPU
		{AD02D2FC-9D33-48BB-B210-FF45555184A5}.Release|Any CPU.Build.0 = Release|Any CPU
	EndGlobalSection
	GlobalSection(SolutionProperties) = preSolution
		HideSolutionNode = FALSE
	EndGlobalSection
EndGlobal
